
Microsoft Visual Studio Solution File, Format Version 12.00
# Visual Studio Version 17
VisualStudioVersion = 17.3.32901.215
MinimumVisualStudioVersion = 10.0.40219.1
Project("{FAE04EC0-301F-11D3-BF4B-00C04F79EFBC}") = "AVTOTTEST_LAST", "AVTOTTEST_LAST\AVTOTTEST_LAST.csproj", "{25B4F829-EACE-40CF-BB2D-B1944444FB67}"
EndProject
Global
	GlobalSection(SolutionConfigurationPlatforms) = preSolution
		Debug|Any CPU = Debug|Any CPU
		Release|Any CPU = Release|Any CPU
	EndGlobalSection
	GlobalSection(ProjectConfigurationPlatforms) = postSolution
		{25B4F829-EACE-40CF-BB2D-B1944444FB67}.Debug|Any CPU.ActiveCfg = Debug|Any CPU
		{25B4F829-EACE-40CF-BB2D-B1944444FB67}.Debug|Any CPU.Build.0 = Debug|Any CPU
		{25B4F829-EACE-40CF-BB2D-B1944444FB67}.Release|Any CPU.ActiveCfg = Release|Any CPU
		{25B4F829-EACE-40CF-BB2D-B1944444FB67}.Release|Any CPU.Build.0 = Release|Any CPU
	EndGlobalSection
	GlobalSection(SolutionProperties) = preSolution
		HideSolutionNode = FALSE
	EndGlobalSection
	GlobalSection(ExtensibilityGlobals) = postSolution
		SolutionGuid = {1F889086-1050-4A23-A8D8-9D3248F0C3FE}
	EndGlobalSection
EndGlobal
